{
    "_readme": [
        "This file locks the dependencies of your project to a known state",
        "Read more about it at https://getcomposer.org/doc/01-basic-usage.md#composer-lock-the-lock-file",
        "This file is @generated automatically"
    ],
    "hash": "c0ad50d8f94935826df31e57e105ce0e",
    "content-hash": "ff14d00a509b03bc207279b8864f1719",
    "packages": [
        {
            "name": "facebook/graph-sdk",
            "version": "5.4.3",
            "source": {
                "type": "git",
                "url": "https://github.com/facebook/php-graph-sdk.git",
                "reference": "3e0f78787556375bb6ed52beaabfedbc16b5a4e8"
            },
            "dist": {
                "type": "zip",
                "url": "https://api.github.com/repos/facebook/php-graph-sdk/zipball/3e0f78787556375bb6ed52beaabfedbc16b5a4e8",
                "reference": "3e0f78787556375bb6ed52beaabfedbc16b5a4e8",
                "shasum": ""
            },
            "require": {
                "php": "^5.4|^7.0"
            },
            "require-dev": {
                "guzzlehttp/guzzle": "~5.0",
                "mockery/mockery": "~0.8",
                "phpunit/phpunit": "~4.0"
            },
            "suggest": {
                "guzzlehttp/guzzle": "Allows for implementation of the Guzzle HTTP client",
                "paragonie/random_compat": "Provides a better CSPRNG option in PHP 5"
            },
            "type": "library",
            "extra": {
                "branch-alias": {
                    "dev-master": "5.x-dev"
                }
            },
            "autoload": {
                "psr-4": {
                    "Facebook\\": "src/Facebook/"
                },
                "files": [
                    "src/Facebook/polyfills.php"
                ]
            },
            "notification-url": "https://packagist.org/downloads/",
            "license": [
                "Facebook Platform"
            ],
            "authors": [
                {
                    "name": "Facebook",
                    "homepage": "https://github.com/facebook/php-graph-sdk/contributors"
                }
            ],
            "description": "Facebook SDK for PHP",
            "homepage": "https://github.com/facebook/php-graph-sdk",
            "keywords": [
                "facebook",
                "sdk"
            ],
            "time": "2016-12-30 17:54:16"
        },
        {
            "name": "nabu-3/provider-smarty",
            "version": "0.0.1",
            "source": {
                "type": "git",
                "url": "https://github.com/nabu-3/provider-smarty.git",
                "reference": "0d84f8134bb988dd6ead971ebbe2720bc503e4df"
            },
            "dist": {
                "type": "zip",
                "url": "https://api.github.com/repos/nabu-3/provider-smarty/zipball/0d84f8134bb988dd6ead971ebbe2720bc503e4df",
                "reference": "0d84f8134bb988dd6ead971ebbe2720bc503e4df",
                "shasum": ""
            },
            "require": {
                "smarty/smarty": "~3.1"
            },
            "type": "library",
            "notification-url": "https://packagist.org/downloads/",
            "license": [
                "Apache-2.0"
            ],
            "authors": [
                {
                    "name": "Rafael Gutierrez",
                    "email": "ragutimar@gmail.com",
                    "role": "Developer"
                }
            ],
            "description": "nabu 3 provider to add Smarty as HTML Render",
            "keywords": [
                "nabu",
                "nabu-3",
                "provider",
                "smarty"
            ],
            "time": "2017-01-16 17:17:49"
        },
        {
            "name": "smarty/smarty",
            "version": "v3.1.31",
            "source": {
                "type": "git",
                "url": "https://github.com/smarty-php/smarty.git",
                "reference": "c7d42e4a327c402897dd587871434888fde1e7a9"
            },
            "dist": {
                "type": "zip",
                "url": "https://api.github.com/repos/smarty-php/smarty/zipball/c7d42e4a327c402897dd587871434888fde1e7a9",
                "reference": "c7d42e4a327c402897dd587871434888fde1e7a9",
                "shasum": ""
            },
            "require": {
                "php": ">=5.2"
            },
            "type": "library",
            "extra": {
                "branch-alias": {
                    "dev-master": "3.1.x-dev"
                }
            },
            "autoload": {
                "files": [
                    "libs/bootstrap.php"
                ]
            },
            "notification-url": "https://packagist.org/downloads/",
            "license": [
                "LGPL-3.0"
            ],
            "authors": [
                {
                    "name": "Monte Ohrt",
                    "email": "monte@ohrt.com"
                },
                {
                    "name": "Uwe Tews",
                    "email": "uwe.tews@googlemail.com"
                },
                {
                    "name": "Rodney Rehm",
                    "email": "rodney.rehm@medialize.de"
                }
            ],
            "description": "Smarty - the compiling PHP template engine",
            "homepage": "http://www.smarty.net",
            "keywords": [
                "templating"
            ],
            "time": "2016-12-14 21:57:25"
        }
    ],
    "packages-dev": [],
    "aliases": [],
    "minimum-stability": "stable",
    "stability-flags": [],
    "prefer-stable": false,
    "prefer-lowest": false,
    "platform": [],
    "platform-dev": []
}
